
Microsoft Visual Studio Solution File, Format Version 12.00
# Visual Studio 15
VisualStudioVersion = 15.0.28307.705
MinimumVisualStudioVersion = 10.0.40219.1
Project("{9A19103F-16F7-4668-BE54-9A1E7A4F7556}") = "EmpMgmt", "..\EmpMgmt\EmpMgmt.csproj", "{6DA3B64C-E585-4A16-9F6C-24806B358409}"
EndProject
Project("{9A19103F-16F7-4668-BE54-9A1E7A4F7556}") = "EmpMgmtApi", "..\EmpMgmtApi\EmpMgmtApi.csproj", "{48DF7B0C-8F1D-42BE-901E-823062A428D1}"
EndProject
Global
	GlobalSection(SolutionConfigurationPlatforms) = preSolution
		Debug|Any CPU = Debug|Any CPU
		Release|Any CPU = Release|Any CPU
	EndGlobalSection
	GlobalSection(ProjectConfigurationPlatforms) = postSolution
		{6DA3B64C-E585-4A16-9F6C-24806B358409}.Debug|Any CPU.ActiveCfg = Debug|Any CPU
		{6DA3B64C-E585-4A16-9F6C-24806B358409}.Debug|Any CPU.Build.0 = Debug|Any CPU
		{6DA3B64C-E585-4A16-9F6C-24806B358409}.Release|Any CPU.ActiveCfg = Release|Any CPU
		{6DA3B64C-E585-4A16-9F6C-24806B358409}.Release|Any CPU.Build.0 = Release|Any CPU
		{48DF7B0C-8F1D-42BE-901E-823062A428D1}.Debug|Any CPU.ActiveCfg = Debug|Any CPU
		{48DF7B0C-8F1D-42BE-901E-823062A428D1}.Debug|Any CPU.Build.0 = Debug|Any CPU
		{48DF7B0C-8F1D-42BE-901E-823062A428D1}.Release|Any CPU.ActiveCfg = Release|Any CPU
		{48DF7B0C-8F1D-42BE-901E-823062A428D1}.Release|Any CPU.Build.0 = Release|Any CPU
	EndGlobalSection
	GlobalSection(SolutionProperties) = preSolution
		HideSolutionNode = FALSE
	EndGlobalSection
	GlobalSection(ExtensibilityGlobals) = postSolution
		SolutionGuid = {27F54BE6-5F4B-49BC-9DBE-59A08EAAD93A}
	EndGlobalSection
EndGlobal
